
Microsoft Visual Studio Solution File, Format Version 12.00
# Visual Studio Version 17
VisualStudioVersion = 17.4.33110.190
MinimumVisualStudioVersion = 10.0.40219.1
Project("{FAE04EC0-301F-11D3-BF4B-00C04F79EFBC}") = "TreinamentoInterfaces", "TreinamentoInterfaces.csproj", "{34D6A228-92FA-4278-9AE2-86552C98884D}"
EndProject
Global
	GlobalSection(SolutionConfigurationPlatforms) = preSolution
		Debug|Any CPU = Debug|Any CPU
		Release|Any CPU = Release|Any CPU
	EndGlobalSection
	GlobalSection(ProjectConfigurationPlatforms) = postSolution
		{34D6A228-92FA-4278-9AE2-86552C98884D}.Debug|Any CPU.ActiveCfg = Debug|Any CPU
		{34D6A228-92FA-4278-9AE2-86552C98884D}.Debug|Any CPU.Build.0 = Debug|Any CPU
		{34D6A228-92FA-4278-9AE2-86552C98884D}.Release|Any CPU.ActiveCfg = Release|Any CPU
		{34D6A228-92FA-4278-9AE2-86552C98884D}.Release|Any CPU.Build.0 = Release|Any CPU
	EndGlobalSection
	GlobalSection(SolutionProperties) = preSolution
		HideSolutionNode = FALSE
	EndGlobalSection
	GlobalSection(ExtensibilityGlobals) = postSolution
		SolutionGuid = {242C7F81-ADE4-40B1-820A-0AF2E670AC61}
	EndGlobalSection
EndGlobal
